{
  "name": "esp8266-driver",
  "version": "1.0.0",
  "lockfileVersion": 1,
  "requires": true,
  "dependencies": {
    "micro-jest": {
      "version": "git+https://github.com/niklauslee/micro-jest.git#03b898f5508536a85e68d1212a6975bde490c2c4",
      "from": "git+https://github.com/niklauslee/micro-jest.git"
    }
  }
}
